
Microsoft Visual Studio Solution File, Format Version 12.00
# Visual Studio 15
VisualStudioVersion = 15.0.28307.539
MinimumVisualStudioVersion = 10.0.40219.1
Project("{FAE04EC0-301F-11D3-BF4B-00C04F79EFBC}") = "ContosoUniversity", "ContosoUniversity\ContosoUniversity.csproj", "{85A74A40-DA7D-4C57-8F2A-4F5352BCE5CE}"
EndProject
Global
	GlobalSection(SolutionConfigurationPlatforms) = preSolution
		Debug|Any CPU = Debug|Any CPU
		Release|Any CPU = Release|Any CPU
	EndGlobalSection
	GlobalSection(ProjectConfigurationPlatforms) = postSolution
		{85A74A40-DA7D-4C57-8F2A-4F5352BCE5CE}.Debug|Any CPU.ActiveCfg = Debug|Any CPU
		{85A74A40-DA7D-4C57-8F2A-4F5352BCE5CE}.Debug|Any CPU.Build.0 = Debug|Any CPU
		{85A74A40-DA7D-4C57-8F2A-4F5352BCE5CE}.Release|Any CPU.ActiveCfg = Release|Any CPU
		{85A74A40-DA7D-4C57-8F2A-4F5352BCE5CE}.Release|Any CPU.Build.0 = Release|Any CPU
	EndGlobalSection
	GlobalSection(SolutionProperties) = preSolution
		HideSolutionNode = FALSE
	EndGlobalSection
	GlobalSection(ExtensibilityGlobals) = postSolution
		SolutionGuid = {B1202106-C9C0-420D-B1E9-DD60C514FA6A}
	EndGlobalSection
EndGlobal
